
Microsoft Visual Studio Solution File, Format Version 12.00
# Visual Studio Version 17
VisualStudioVersion = 17.6.33815.320
MinimumVisualStudioVersion = 10.0.40219.1
Project("{8BC9CEB8-8B4A-11D0-8D11-00A0C91BC942}") = "Program job_9", "Program job_9\Program job_9.vcxproj", "{18BA99BB-41A7-4362-A273-5D266819FF12}"
EndProject
Global
	GlobalSection(SolutionConfigurationPlatforms) = preSolution
		Debug|x64 = Debug|x64
		Debug|x86 = Debug|x86
		Release|x64 = Release|x64
		Release|x86 = Release|x86
	EndGlobalSection
	GlobalSection(ProjectConfigurationPlatforms) = postSolution
		{18BA99BB-41A7-4362-A273-5D266819FF12}.Debug|x64.ActiveCfg = Debug|x64
		{18BA99BB-41A7-4362-A273-5D266819FF12}.Debug|x64.Build.0 = Debug|x64
		{18BA99BB-41A7-4362-A273-5D266819FF12}.Debug|x86.ActiveCfg = Debug|Win32
		{18BA99BB-41A7-4362-A273-5D266819FF12}.Debug|x86.Build.0 = Debug|Win32
		{18BA99BB-41A7-4362-A273-5D266819FF12}.Release|x64.ActiveCfg = Release|x64
		{18BA99BB-41A7-4362-A273-5D266819FF12}.Release|x64.Build.0 = Release|x64
		{18BA99BB-41A7-4362-A273-5D266819FF12}.Release|x86.ActiveCfg = Release|Win32
		{18BA99BB-41A7-4362-A273-5D266819FF12}.Release|x86.Build.0 = Release|Win32
	EndGlobalSection
	GlobalSection(SolutionProperties) = preSolution
		HideSolutionNode = FALSE
	EndGlobalSection
	GlobalSection(ExtensibilityGlobals) = postSolution
		SolutionGuid = {C544209C-F417-48C4-86B3-DCB0DB817AAC}
	EndGlobalSection
EndGlobal
